// !$*UTF8*$!
{
	archiveVersion = 1;
	classes = {
	};
	objectVersion = 56;
	objects = {

/* Begin PBXBuildFile section */
		7F3F232D2A0A5C70001C1C24 /* AppDelegate.swift in Sources */ = {isa = PBXBuildFile; fileRef = 7F3F232C2A0A5C70001C1C24 /* AppDelegate.swift */; };
		7F3F232F2A0A5C70001C1C24 /* SceneDelegate.swift in Sources */ = {isa = PBXBuildFile; fileRef = 7F3F232E2A0A5C70001C1C24 /* SceneDelegate.swift */; };
		7F3F23312A0A5C70001C1C24 /* ViewController.swift in Sources */ = {isa = PBXBuildFile; fileRef = 7F3F23302A0A5C70001C1C24 /* ViewController.swift */; };
		7F3F23342A0A5C70001C1C24 /* Main.storyboard in Resources */ = {isa = PBXBuildFile; fileRef = 7F3F23322A0A5C70001C1C24 /* Main.storyboard */; };
		7F3F23362A0A5C71001C1C24 /* Assets.xcassets in Resources */ = {isa = PBXBuildFile; fileRef = 7F3F23352A0A5C71001C1C24 /* Assets.xcassets */; };
		7F3F23392A0A5C71001C1C24 /* LaunchScreen.storyboard in Resources */ = {isa = PBXBuildFile; fileRef = 7F3F23372A0A5C71001C1C24 /* LaunchScreen.storyboard */; };
		7F3F23442A0A5C71001C1C24 /* UdderTests.swift in Sources */ = {isa = PBXBuildFile; fileRef = 7F3F23432A0A5C71001C1C24 /* UdderTests.swift */; };
		7F3F234E2A0A5C71001C1C24 /* UdderUITests.swift in Sources */ = {isa = PBXBuildFile; fileRef = 7F3F234D2A0A5C71001C1C24 /* UdderUITests.swift */; };
		7F3F23502A0A5C71001C1C24 /* UdderUITestsLaunchTests.swift in Sources */ = {isa = PBXBuildFile; fileRef = 7F3F234F2A0A5C71001C1C24 /* UdderUITestsLaunchTests.swift */; };
/* End PBXBuildFile section */

/* Begin PBXContainerItemProxy section */
		7F3F23402A0A5C71001C1C24 /* PBXContainerItemProxy */ = {
			isa = PBXContainerItemProxy;
			containerPortal = 7F3F23212A0A5C70001C1C24 /* Project object */;
			proxyType = 1;
			remoteGlobalIDString = 7F3F23282A0A5C70001C1C24;
			remoteInfo = Udder;
		};
		7F3F234A2A0A5C71001C1C24 /* PBXContainerItemProxy */ = {
			isa = PBXContainerItemProxy;
			containerPortal = 7F3F23212A0A5C70001C1C24 /* Project object */;
			proxyType = 1;
			remoteGlobalIDString = 7F3F23282A0A5C70001C1C24;
			remoteInfo = Udder;
		};
/* End PBXContainerItemProxy section */

/* Begin PBXFileReference section */
		7F3F23292A0A5C70001C1C24 /* Udder.app */ = {isa = PBXFileReference; explicitFileType = wrapper.application; includeInIndex = 0; path = Udder.app; sourceTree = BUILT_PRODUCTS_DIR; };
		7F3F232C2A0A5C70001C1C24 /* AppDelegate.swift */ = {isa = PBXFileReference; lastKnownFileType = sourcecode.swift; path = AppDelegate.swift; sourceTree = "<group>"; };
		7F3F232E2A0A5C70001C1C24 /* SceneDelegate.swift */ = {isa = PBXFileReference; lastKnownFileType = sourcecode.swift; path = SceneDelegate.swift; sourceTree = "<group>"; };
		7F3F23302A0A5C70001C1C24 /* ViewController.swift */ = {isa = PBXFileReference; lastKnownFileType = sourcecode.swift; path = ViewController.swift; sourceTree = "<group>"; };
		7F3F23332A0A5C70001C1C24 /* Base */ = {isa = PBXFileReference; lastKnownFileType = file.storyboard; name = Base; path = Base.lproj/Main.storyboard; sourceTree = "<group>"; };
		7F3F23352A0A5C71001C1C24 /* Assets.xcassets */ = {isa = PBXFileReference; lastKnownFileType = folder.assetcatalog; path = Assets.xcassets; sourceTree = "<group>"; };
		7F3F23382A0A5C71001C1C24 /* Base */ = {isa = PBXFileReference; lastKnownFileType = file.storyboard; name = Base; path = Base.lproj/LaunchScreen.storyboard; sourceTree = "<group>"; };
		7F3F233A2A0A5C71001C1C24 /* Info.plist */ = {isa = PBXFileReference; lastKnownFileType = text.plist.xml; path = Info.plist; sourceTree = "<group>"; };
		7F3F233F2A0A5C71001C1C24 /* UdderTests.xctest */ = {isa = PBXFileReference; explicitFileType = wrapper.cfbundle; includeInIndex = 0; path = UdderTests.xctest; sourceTree = BUILT_PRODUCTS_DIR; };
		7F3F23432A0A5C71001C1C24 /* UdderTests.swift */ = {isa = PBXFileReference; lastKnownFileType = sourcecode.swift; path = UdderTests.swift; sourceTree = "<group>"; };
		7F3F23492A0A5C71001C1C24 /* UdderUITests.xctest */ = {isa = PBXFileReference; explicitFileType = wrapper.cfbundle; includeInIndex = 0; path = UdderUITests.xctest; sourceTree = BUILT_PRODUCTS_DIR; };
		7F3F234D2A0A5C71001C1C24 /* UdderUITests.swift */ = {isa = PBXFileReference; lastKnownFileType = sourcecode.swift; path = UdderUITests.swift; sourceTree = "<group>"; };
		7F3F234F2A0A5C71001C1C24 /* UdderUITestsLaunchTests.swift */ = {isa = PBXFileReference; lastKnownFileType = sourcecode.swift; path = UdderUITestsLaunchTests.swift; sourceTree = "<group>"; };
/* End PBXFileReference section */

/* Begin PBXFrameworksBuildPhase section */
		7F3F23262A0A5C70001C1C24 /* Frameworks */ = {
			isa = PBXFrameworksBuildPhase;
			buildActionMask = 2147483647;
			files = (
			);
			runOnlyForDeploymentPostprocessing = 0;
		};
		7F3F233C2A0A5C71001C1C24 /* Frameworks */ = {
			isa = PBXFrameworksBuildPhase;
			buildActionMask = 2147483647;
			files = (
			);
			runOnlyForDeploymentPostprocessing = 0;
		};
		7F3F23462A0A5C71001C1C24 /* Frameworks */ = {
			isa = PBXFrameworksBuildPhase;
			buildActionMask = 2147483647;
			files = (
			);
			runOnlyForDeploymentPostprocessing = 0;
		};
/* End PBXFrameworksBuildPhase section */

/* Begin PBXGroup section */
		7F3F23202A0A5C70001C1C24 = {
			isa = PBXGroup;
			children = (
				7F3F232B2A0A5C70001C1C24 /* Udder */,
				7F3F23422A0A5C71001C1C24 /* UdderTests */,
				7F3F234C2A0A5C71001C1C24 /* UdderUITests */,
				7F3F232A2A0A5C70001C1C24 /* Products */,
			);
			sourceTree = "<group>";
		};
		7F3F232A2A0A5C70001C1C24 /* Products */ = {
			isa = PBXGroup;
			children = (
				7F3F23292A0A5C70001C1C24 /* Udder.app */,
				7F3F233F2A0A5C71001C1C24 /* UdderTests.xctest */,
				7F3F23492A0A5C71001C1C24 /* UdderUITests.xctest */,
			);
			name = Products;
			sourceTree = "<group>";
		};
		7F3F232B2A0A5C70001C1C24 /* Udder */ = {
			isa = PBXGroup;
			children = (
				7F3F232C2A0A5C70001C1C24 /* AppDelegate.swift */,
				7F3F232E2A0A5C70001C1C24 /* SceneDelegate.swift */,
				7F3F23302A0A5C70001C1C24 /* ViewController.swift */,
				7F3F23322A0A5C70001C1C24 /* Main.storyboard */,
				7F3F23352A0A5C71001C1C24 /* Assets.xcassets */,
				7F3F23372A0A5C71001C1C24 /* LaunchScreen.storyboard */,
				7F3F233A2A0A5C71001C1C24 /* Info.plist */,
			);
			path = Udder;
			sourceTree = "<group>";
		};
		7F3F23422A0A5C71001C1C24 /* UdderTests */ = {
			isa = PBXGroup;
			children = (
				7F3F23432A0A5C71001C1C24 /* UdderTests.swift */,
			);
			path = UdderTests;
			sourceTree = "<group>";
		};
		7F3F234C2A0A5C71001C1C24 /* UdderUITests */ = {
			isa = PBXGroup;
			children = (
				7F3F234D2A0A5C71001C1C24 /* UdderUITests.swift */,
				7F3F234F2A0A5C71001C1C24 /* UdderUITestsLaunchTests.swift */,
			);
			path = UdderUITests;
			sourceTree = "<group>";
		};
/* End PBXGroup section */

/* Begin PBXNativeTarget section */
		7F3F23282A0A5C70001C1C24 /* Udder */ = {
			isa = PBXNativeTarget;
			buildConfigurationList = 7F3F23532A0A5C71001C1C24 /* Build configuration list for PBXNativeTarget "Udder" */;
			buildPhases = (
				7F3F23252A0A5C70001C1C24 /* Sources */,
				7F3F23262A0A5C70001C1C24 /* Frameworks */,
				7F3F23272A0A5C70001C1C24 /* Resources */,
			);
			buildRules = (
			);
			dependencies = (
			);
			name = Udder;
			productName = Udder;
			productReference = 7F3F23292A0A5C70001C1C24 /* Udder.app */;
			productType = "com.apple.product-type.application";
		};
		7F3F233E2A0A5C71001C1C24 /* UdderTests */ = {
			isa = PBXNativeTarget;
			buildConfigurationList = 7F3F23562A0A5C71001C1C24 /* Build configuration list for PBXNativeTarget "UdderTests" */;
			buildPhases = (
				7F3F233B2A0A5C71001C1C24 /* Sources */,
				7F3F233C2A0A5C71001C1C24 /* Frameworks */,
				7F3F233D2A0A5C71001C1C24 /* Resources */,
			);
			buildRules = (
			);
			dependencies = (
				7F3F23412A0A5C71001C1C24 /* PBXTargetDependency */,
			);
			name = UdderTests;
			productName = UdderTests;
			productReference = 7F3F233F2A0A5C71001C1C24 /* UdderTests.xctest */;
			productType = "com.apple.product-type.bundle.unit-test";
		};
		7F3F23482A0A5C71001C1C24 /* UdderUITests */ = {
			isa = PBXNativeTarget;
			buildConfigurationList = 7F3F23592A0A5C71001C1C24 /* Build configuration list for PBXNativeTarget "UdderUITests" */;
			buildPhases = (
				7F3F23452A0A5C71001C1C24 /* Sources */,
				7F3F23462A0A5C71001C1C24 /* Frameworks */,
				7F3F23472A0A5C71001C1C24 /* Resources */,
			);
			buildRules = (
			);
			dependencies = (
				7F3F234B2A0A5C71001C1C24 /* PBXTargetDependency */,
			);
			name = UdderUITests;
			productName = UdderUITests;
			productReference = 7F3F23492A0A5C71001C1C24 /* UdderUITests.xctest */;
			productType = "com.apple.product-type.bundle.ui-testing";
		};
/* End PBXNativeTarget section */

/* Begin PBXProject section */
		7F3F23212A0A5C70001C1C24 /* Project object */ = {
			isa = PBXProject;
			attributes = {
				BuildIndependentTargetsInParallel = 1;
				LastSwiftUpdateCheck = 1420;
				LastUpgradeCheck = 1420;
				TargetAttributes = {
					7F3F23282A0A5C70001C1C24 = {
						CreatedOnToolsVersion = 14.2;
					};
					7F3F233E2A0A5C71001C1C24 = {
						CreatedOnToolsVersion = 14.2;
						TestTargetID = 7F3F23282A0A5C70001C1C24;
					};
					7F3F23482A0A5C71001C1C24 = {
						CreatedOnToolsVersion = 14.2;
						TestTargetID = 7F3F23282A0A5C70001C1C24;
					};
				};
			};
			buildConfigurationList = 7F3F23242A0A5C70001C1C24 /* Build configuration list for PBXProject "Udder" */;
			compatibilityVersion = "Xcode 14.0";
			developmentRegion = en;
			hasScannedForEncodings = 0;
			knownRegions = (
				en,
				Base,
			);
			mainGroup = 7F3F23202A0A5C70001C1C24;
			productRefGroup = 7F3F232A2A0A5C70001C1C24 /* Products */;
			projectDirPath = "";
			projectRoot = "";
			targets = (
				7F3F23282A0A5C70001C1C24 /* Udder */,
				7F3F233E2A0A5C71001C1C24 /* UdderTests */,
				7F3F23482A0A5C71001C1C24 /* UdderUITests */,
			);
		};
/* End PBXProject section */

/* Begin PBXResourcesBuildPhase section */
		7F3F23272A0A5C70001C1C24 /* Resources */ = {
			isa = PBXResourcesBuildPhase;
			buildActionMask = 2147483647;
			files = (
				7F3F23392A0A5C71001C1C24 /* LaunchScreen.storyboard in Resources */,
				7F3F23362A0A5C71001C1C24 /* Assets.xcassets in Resources */,
				7F3F23342A0A5C70001C1C24 /* Main.storyboard in Resources */,
			);
			runOnlyForDeploymentPostprocessing = 0;
		};
		7F3F233D2A0A5C71001C1C24 /* Resources */ = {
			isa = PBXResourcesBuildPhase;
			buildActionMask = 2147483647;
			files = (
			);
			runOnlyForDeploymentPostprocessing = 0;
		};
		7F3F23472A0A5C71001C1C24 /* Resources */ = {
			isa = PBXResourcesBuildPhase;
			buildActionMask = 2147483647;
			files = (
			);
			runOnlyForDeploymentPostprocessing = 0;
		};
/* End PBXResourcesBuildPhase section */

/* Begin PBXSourcesBuildPhase section */
		7F3F23252A0A5C70001C1C24 /* Sources */ = {
			isa = PBXSourcesBuildPhase;
			buildActionMask = 2147483647;
			files = (
				7F3F23312A0A5C70001C1C24 /* ViewController.swift in Sources */,
				7F3F232D2A0A5C70001C1C24 /* AppDelegate.swift in Sources */,
				7F3F232F2A0A5C70001C1C24 /* SceneDelegate.swift in Sources */,
			);
			runOnlyForDeploymentPostprocessing = 0;
		};
		7F3F233B2A0A5C71001C1C24 /* Sources */ = {
			isa = PBXSourcesBuildPhase;
			buildActionMask = 2147483647;
			files = (
				7F3F23442A0A5C71001C1C24 /* UdderTests.swift in Sources */,
			);
			runOnlyForDeploymentPostprocessing = 0;
		};
		7F3F23452A0A5C71001C1C24 /* Sources */ = {
			isa = PBXSourcesBuildPhase;
			buildActionMask = 2147483647;
			files = (
				7F3F234E2A0A5C71001C1C24 /* UdderUITests.swift in Sources */,
				7F3F23502A0A5C71001C1C24 /* UdderUITestsLaunchTests.swift in Sources */,
			);
			runOnlyForDeploymentPostprocessing = 0;
		};
/* End PBXSourcesBuildPhase section */

/* Begin PBXTargetDependency section */
		7F3F23412A0A5C71001C1C24 /* PBXTargetDependency */ = {
			isa = PBXTargetDependency;
			target = 7F3F23282A0A5C70001C1C24 /* Udder */;
			targetProxy = 7F3F23402A0A5C71001C1C24 /* PBXContainerItemProxy */;
		};
		7F3F234B2A0A5C71001C1C24 /* PBXTargetDependency */ = {
			isa = PBXTargetDependency;
			target = 7F3F23282A0A5C70001C1C24 /* Udder */;
			targetProxy = 7F3F234A2A0A5C71001C1C24 /* PBXContainerItemProxy */;
		};
/* End PBXTargetDependency section */

/* Begin PBXVariantGroup section */
		7F3F23322A0A5C70001C1C24 /* Main.storyboard */ = {
			isa = PBXVariantGroup;
			children = (
				7F3F23332A0A5C70001C1C24 /* Base */,
			);
			name = Main.storyboard;
			sourceTree = "<group>";
		};
		7F3F23372A0A5C71001C1C24 /* LaunchScreen.storyboard */ = {
			isa = PBXVariantGroup;
			children = (
				7F3F23382A0A5C71001C1C24 /* Base */,
			);
			name = LaunchScreen.storyboard;
			sourceTree = "<group>";
		};
/* End PBXVariantGroup section */

/* Begin XCBuildConfiguration section */
		7F3F23512A0A5C71001C1C24 /* Debug */ = {
			isa = XCBuildConfiguration;
			buildSettings = {
				ALWAYS_SEARCH_USER_PATHS = NO;
				CLANG_ANALYZER_NONNULL = YES;
				CLANG_ANALYZER_NUMBER_OBJECT_CONVERSION = YES_AGGRESSIVE;
				CLANG_CXX_LANGUAGE_STANDARD = "gnu++20";
				CLANG_ENABLE_MODULES = YES;
				CLANG_ENABLE_OBJC_ARC = YES;
				CLANG_ENABLE_OBJC_WEAK = YES;
				CLANG_WARN_BLOCK_CAPTURE_AUTORELEASING = YES;
				CLANG_WARN_BOOL_CONVERSION = YES;
				CLANG_WARN_COMMA = YES;
				CLANG_WARN_CONSTANT_CONVERSION = YES;
				CLANG_WARN_DEPRECATED_OBJC_IMPLEMENTATIONS = YES;
				CLANG_WARN_DIRECT_OBJC_ISA_USAGE = YES_ERROR;
				CLANG_WARN_DOCUMENTATION_COMMENTS = YES;
				CLANG_WARN_EMPTY_BODY = YES;
				CLANG_WARN_ENUM_CONVERSION = YES;
				CLANG_WARN_INFINITE_RECURSION = YES;
				CLANG_WARN_INT_CONVERSION = YES;
				CLANG_WARN_NON_LITERAL_NULL_CONVERSION = YES;
				CLANG_WARN_OBJC_IMPLICIT_RETAIN_SELF = YES;
				CLANG_WARN_OBJC_LITERAL_CONVERSION = YES;
				CLANG_WARN_OBJC_ROOT_CLASS = YES_ERROR;
				CLANG_WARN_QUOTED_INCLUDE_IN_FRAMEWORK_HEADER = YES;
				CLANG_WARN_RANGE_LOOP_ANALYSIS = YES;
				CLANG_WARN_STRICT_PROTOTYPES = YES;
				CLANG_WARN_SUSPICIOUS_MOVE = YES;
				CLANG_WARN_UNGUARDED_AVAILABILITY = YES_AGGRESSIVE;
				CLANG_WARN_UNREACHABLE_CODE = YES;
				CLANG_WARN__DUPLICATE_METHOD_MATCH = YES;
				COPY_PHASE_STRIP = NO;
				DEBUG_INFORMATION_FORMAT = dwarf;
				ENABLE_STRICT_OBJC_MSGSEND = YES;
				ENABLE_TESTABILITY = YES;
				GCC_C_LANGUAGE_STANDARD = gnu11;
				GCC_DYNAMIC_NO_PIC = NO;
				GCC_NO_COMMON_BLOCKS = YES;
				GCC_OPTIMIZATION_LEVEL = 0;
				GCC_PREPROCESSOR_DEFINITIONS = (
					"DEBUG=1",
					"$(inherited)",
				);
				GCC_WARN_64_TO_32_BIT_CONVERSION = YES;
				GCC_WARN_ABOUT_RETURN_TYPE = YES_ERROR;
				GCC_WARN_UNDECLARED_SELECTOR = YES;
				GCC_WARN_UNINITIALIZED_AUTOS = YES_AGGRESSIVE;
				GCC_WARN_UNUSED_FUNCTION = YES;
				GCC_WARN_UNUSED_VARIABLE = YES;
				IPHONEOS_DEPLOYMENT_TARGET = 16.2;
				MTL_ENABLE_DEBUG_INFO = INCLUDE_SOURCE;
				MTL_FAST_MATH = YES;
				ONLY_ACTIVE_ARCH = YES;
				SDKROOT = iphoneos;
				SWIFT_ACTIVE_COMPILATION_CONDITIONS = DEBUG;
				SWIFT_OPTIMIZATION_LEVEL = "-Onone";
			};
			name = Debug;
		};
		7F3F23522A0A5C71001C1C24 /* Release */ = {
			isa = XCBuildConfiguration;
			buildSettings = {
				ALWAYS_SEARCH_USER_PATHS = NO;
				CLANG_ANALYZER_NONNULL = YES;
				CLANG_ANALYZER_NUMBER_OBJECT_CONVERSION = YES_AGGRESSIVE;
				CLANG_CXX_LANGUAGE_STANDARD = "gnu++20";
				CLANG_ENABLE_MODULES = YES;
				CLANG_ENABLE_OBJC_ARC = YES;
				CLANG_ENABLE_OBJC_WEAK = YES;
				CLANG_WARN_BLOCK_CAPTURE_AUTORELEASING = YES;
				CLANG_WARN_BOOL_CONVERSION = YES;
				CLANG_WARN_COMMA = YES;
				CLANG_WARN_CONSTANT_CONVERSION = YES;
				CLANG_WARN_DEPRECATED_OBJC_IMPLEMENTATIONS = YES;
				CLANG_WARN_DIRECT_OBJC_ISA_USAGE = YES_ERROR;
				CLANG_WARN_DOCUMENTATION_COMMENTS = YES;
				CLANG_WARN_EMPTY_BODY = YES;
				CLANG_WARN_ENUM_CONVERSION = YES;
				CLANG_WARN_INFINITE_RECURSION = YES;
				CLANG_WARN_INT_CONVERSION = YES;
				CLANG_WARN_NON_LITERAL_NULL_CONVERSION = YES;
				CLANG_WARN_OBJC_IMPLICIT_RETAIN_SELF = YES;
				CLANG_WARN_OBJC_LITERAL_CONVERSION = YES;
				CLANG_WARN_OBJC_ROOT_CLASS = YES_ERROR;
				CLANG_WARN_QUOTED_INCLUDE_IN_FRAMEWORK_HEADER = YES;
				CLANG_WARN_RANGE_LOOP_ANALYSIS = YES;
				CLANG_WARN_STRICT_PROTOTYPES = YES;
				CLANG_WARN_SUSPICIOUS_MOVE = YES;
				CLANG_WARN_UNGUARDED_AVAILABILITY = YES_AGGRESSIVE;
				CLANG_WARN_UNREACHABLE_CODE = YES;
				CLANG_WARN__DUPLICATE_METHOD_MATCH = YES;
				COPY_PHASE_STRIP = NO;
				DEBUG_INFORMATION_FORMAT = "dwarf-with-dsym";
				ENABLE_NS_ASSERTIONS = NO;
				ENABLE_STRICT_OBJC_MSGSEND = YES;
				GCC_C_LANGUAGE_STANDARD = gnu11;
				GCC_NO_COMMON_BLOCKS = YES;
				GCC_WARN_64_TO_32_BIT_CONVERSION = YES;
				GCC_WARN_ABOUT_RETURN_TYPE = YES_ERROR;
				GCC_WARN_UNDECLARED_SELECTOR = YES;
				GCC_WARN_UNINITIALIZED_AUTOS = YES_AGGRESSIVE;
				GCC_WARN_UNUSED_FUNCTION = YES;
				GCC_WARN_UNUSED_VARIABLE = YES;
				IPHONEOS_DEPLOYMENT_TARGET = 16.2;
				MTL_ENABLE_DEBUG_INFO = NO;
				MTL_FAST_MATH = YES;
				SDKROOT = iphoneos;
				SWIFT_COMPILATION_MODE = wholemodule;
				SWIFT_OPTIMIZATION_LEVEL = "-O";
				VALIDATE_PRODUCT = YES;
			};
			name = Release;
		};
		7F3F23542A0A5C71001C1C24 /* Debug */ = {
			isa = XCBuildConfiguration;
			buildSettings = {
				ASSETCATALOG_COMPILER_APPICON_NAME = AppIcon;
				ASSETCATALOG_COMPILER_GLOBAL_ACCENT_COLOR_NAME = AccentColor;
				CODE_SIGN_STYLE = Automatic;
				CURRENT_PROJECT_VERSION = 1;
				DEVELOPMENT_TEAM = F647YG6PWZ;
				GENERATE_INFOPLIST_FILE = YES;
				INFOPLIST_FILE = Udder/Info.plist;
				INFOPLIST_KEY_UIApplicationSupportsIndirectInputEvents = YES;
				INFOPLIST_KEY_UILaunchStoryboardName = LaunchScreen;
				INFOPLIST_KEY_UIMainStoryboardFile = Main;
				INFOPLIST_KEY_UISupportedInterfaceOrientations_iPad = "UIInterfaceOrientationPortrait UIInterfaceOrientationPortraitUpsideDown UIInterfaceOrientationLandscapeLeft UIInterfaceOrientationLandscapeRight";
				INFOPLIST_KEY_UISupportedInterfaceOrientations_iPhone = "UIInterfaceOrientationPortrait UIInterfaceOrientationLandscapeLeft UIInterfaceOrientationLandscapeRight";
				LD_RUNPATH_SEARCH_PATHS = (
					"$(inherited)",
					"@executable_path/Frameworks",
				);
				MARKETING_VERSION = 1.0;
				PRODUCT_BUNDLE_IDENTIFIER = fatimbow.Udder;
				PRODUCT_NAME = "$(TARGET_NAME)";
				SWIFT_EMIT_LOC_STRINGS = YES;
				SWIFT_VERSION = 5.0;
				TARGETED_DEVICE_FAMILY = "1,2";
			};
			name = Debug;
		};
		7F3F23552A0A5C71001C1C24 /* Release */ = {
			isa = XCBuildConfiguration;
			buildSettings = {
				ASSETCATALOG_COMPILER_APPICON_NAME = AppIcon;
				ASSETCATALOG_COMPILER_GLOBAL_ACCENT_COLOR_NAME = AccentColor;
				CODE_SIGN_STYLE = Automatic;
				CURRENT_PROJECT_VERSION = 1;
				DEVELOPMENT_TEAM = F647YG6PWZ;
				GENERATE_INFOPLIST_FILE = YES;
				INFOPLIST_FILE = Udder/Info.plist;
				INFOPLIST_KEY_UIApplicationSupportsIndirectInputEvents = YES;
				INFOPLIST_KEY_UILaunchStoryboardName = LaunchScreen;
				INFOPLIST_KEY_UIMainStoryboardFile = Main;
				INFOPLIST_KEY_UISupportedInterfaceOrientations_iPad = "UIInterfaceOrientationPortrait UIInterfaceOrientationPortraitUpsideDown UIInterfaceOrientationLandscapeLeft UIInterfaceOrientationLandscapeRight";
				INFOPLIST_KEY_UISupportedInterfaceOrientations_iPhone = "UIInterfaceOrientationPortrait UIInterfaceOrientationLandscapeLeft UIInterfaceOrientationLandscapeRight";
				LD_RUNPATH_SEARCH_PATHS = (
					"$(inherited)",
					"@executable_path/Frameworks",
				);
				MARKETING_VERSION = 1.0;
				PRODUCT_BUNDLE_IDENTIFIER = fatimbow.Udder;
				PRODUCT_NAME = "$(TARGET_NAME)";
				SWIFT_EMIT_LOC_STRINGS = YES;
				SWIFT_VERSION = 5.0;
				TARGETED_DEVICE_FAMILY = "1,2";
			};
			name = Release;
		};
		7F3F23572A0A5C71001C1C24 /* Debug */ = {
			isa = XCBuildConfiguration;
			buildSettings = {
				ALWAYS_EMBED_SWIFT_STANDARD_LIBRARIES = YES;
				BUNDLE_LOADER = "$(TEST_HOST)";
				CODE_SIGN_STYLE = Automatic;
				CURRENT_PROJECT_VERSION = 1;
				DEVELOPMENT_TEAM = F647YG6PWZ;
				GENERATE_INFOPLIST_FILE = YES;
				IPHONEOS_DEPLOYMENT_TARGET = 16.2;
				MARKETING_VERSION = 1.0;
				PRODUCT_BUNDLE_IDENTIFIER = fatimbow.UdderTests;
				PRODUCT_NAME = "$(TARGET_NAME)";
				SWIFT_EMIT_LOC_STRINGS = NO;
				SWIFT_VERSION = 5.0;
				TARGETED_DEVICE_FAMILY = "1,2";
				TEST_HOST = "$(BUILT_PRODUCTS_DIR)/Udder.app/$(BUNDLE_EXECUTABLE_FOLDER_PATH)/Udder";
			};
			name = Debug;
		};
		7F3F23582A0A5C71001C1C24 /* Release */ = {
			isa = XCBuildConfiguration;
			buildSettings = {
				ALWAYS_EMBED_SWIFT_STANDARD_LIBRARIES = YES;
				BUNDLE_LOADER = "$(TEST_HOST)";
				CODE_SIGN_STYLE = Automatic;
				CURRENT_PROJECT_VERSION = 1;
				DEVELOPMENT_TEAM = F647YG6PWZ;
				GENERATE_INFOPLIST_FILE = YES;
				IPHONEOS_DEPLOYMENT_TARGET = 16.2;
				MARKETING_VERSION = 1.0;
				PRODUCT_BUNDLE_IDENTIFIER = fatimbow.UdderTests;
				PRODUCT_NAME = "$(TARGET_NAME)";
				SWIFT_EMIT_LOC_STRINGS = NO;
				SWIFT_VERSION = 5.0;
				TARGETED_DEVICE_FAMILY = "1,2";
				TEST_HOST = "$(BUILT_PRODUCTS_DIR)/Udder.app/$(BUNDLE_EXECUTABLE_FOLDER_PATH)/Udder";
			};
			name = Release;
		};
		7F3F235A2A0A5C71001C1C24 /* Debug */ = {
			isa = XCBuildConfiguration;
			buildSettings = {
				ALWAYS_EMBED_SWIFT_STANDARD_LIBRARIES = YES;
				CODE_SIGN_STYLE = Automatic;
				CURRENT_PROJECT_VERSION = 1;
				DEVELOPMENT_TEAM = F647YG6PWZ;
				GENERATE_INFOPLIST_FILE = YES;
				MARKETING_VERSION = 1.0;
				PRODUCT_BUNDLE_IDENTIFIER = fatimbow.UdderUITests;
				PRODUCT_NAME = "$(TARGET_NAME)";
				SWIFT_EMIT_LOC_STRINGS = NO;
				SWIFT_VERSION = 5.0;
				TARGETED_DEVICE_FAMILY = "1,2";
				TEST_TARGET_NAME = Udder;
			};
			name = Debug;
		};
		7F3F235B2A0A5C71001C1C24 /* Release */ = {
			isa = XCBuildConfiguration;
			buildSettings = {
				ALWAYS_EMBED_SWIFT_STANDARD_LIBRARIES = YES;
				CODE_SIGN_STYLE = Automatic;
				CURRENT_PROJECT_VERSION = 1;
				DEVELOPMENT_TEAM = F647YG6PWZ;
				GENERATE_INFOPLIST_FILE = YES;
				MARKETING_VERSION = 1.0;
				PRODUCT_BUNDLE_IDENTIFIER = fatimbow.UdderUITests;
				PRODUCT_NAME = "$(TARGET_NAME)";
				SWIFT_EMIT_LOC_STRINGS = NO;
				SWIFT_VERSION = 5.0;
				TARGETED_DEVICE_FAMILY = "1,2";
				TEST_TARGET_NAME = Udder;
			};
			name = Release;
		};
/* End XCBuildConfiguration section */

/* Begin XCConfigurationList section */
		7F3F23242A0A5C70001C1C24 /* Build configuration list for PBXProject "Udder" */ = {
			isa = XCConfigurationList;
			buildConfigurations = (
				7F3F23512A0A5C71001C1C24 /* Debug */,
				7F3F23522A0A5C71001C1C24 /* Release */,
			);
			defaultConfigurationIsVisible = 0;
			defaultConfigurationName = Release;
		};
		7F3F23532A0A5C71001C1C24 /* Build configuration list for PBXNativeTarget "Udder" */ = {
			isa = XCConfigurationList;
			buildConfigurations = (
				7F3F23542A0A5C71001C1C24 /* Debug */,
				7F3F23552A0A5C71001C1C24 /* Release */,
			);
			defaultConfigurationIsVisible = 0;
			defaultConfigurationName = Release;
		};
		7F3F23562A0A5C71001C1C24 /* Build configuration list for PBXNativeTarget "UdderTests" */ = {
			isa = XCConfigurationList;
			buildConfigurations = (
				7F3F23572A0A5C71001C1C24 /* Debug */,
				7F3F23582A0A5C71001C1C24 /* Release */,
			);
			defaultConfigurationIsVisible = 0;
			defaultConfigurationName = Release;
		};
		7F3F23592A0A5C71001C1C24 /* Build configuration list for PBXNativeTarget "UdderUITests" */ = {
			isa = XCConfigurationList;
			buildConfigurations = (
				7F3F235A2A0A5C71001C1C24 /* Debug */,
				7F3F235B2A0A5C71001C1C24 /* Release */,
			);
			defaultConfigurationIsVisible = 0;
			defaultConfigurationName = Release;
		};
/* End XCConfigurationList section */
	};
	rootObject = 7F3F23212A0A5C70001C1C24 /* Project object */;
}
